
Microsoft Visual Studio Solution File, Format Version 12.00
# Visual Studio Version 17
VisualStudioVersion = 17.5.002.0
MinimumVisualStudioVersion = 10.0.40219.1
Project("{9A19103F-16F7-4668-BE54-9A1E7A4F7556}") = "Lab 1", "Lab 1.csproj", "{84312D03-C5D2-4B6C-883E-FEB9AC4C329E}"
EndProject
Global
	GlobalSection(SolutionConfigurationPlatforms) = preSolution
		Debug|Any CPU = Debug|Any CPU
		Release|Any CPU = Release|Any CPU
	EndGlobalSection
	GlobalSection(ProjectConfigurationPlatforms) = postSolution
		{84312D03-C5D2-4B6C-883E-FEB9AC4C329E}.Debug|Any CPU.ActiveCfg = Debug|Any CPU
		{84312D03-C5D2-4B6C-883E-FEB9AC4C329E}.Debug|Any CPU.Build.0 = Debug|Any CPU
		{84312D03-C5D2-4B6C-883E-FEB9AC4C329E}.Release|Any CPU.ActiveCfg = Release|Any CPU
		{84312D03-C5D2-4B6C-883E-FEB9AC4C329E}.Release|Any CPU.Build.0 = Release|Any CPU
	EndGlobalSection
	GlobalSection(SolutionProperties) = preSolution
		HideSolutionNode = FALSE
	EndGlobalSection
	GlobalSection(ExtensibilityGlobals) = postSolution
		SolutionGuid = {35FE5C31-C95C-41DB-A4C8-A04365461657}
	EndGlobalSection
EndGlobal
